
Microsoft Visual Studio Solution File, Format Version 12.00
# Visual Studio 15
VisualStudioVersion = 15.0.33423.255
MinimumVisualStudioVersion = 10.0.40219.1
Project("{9092AA53-FB77-4645-B42D-1CCCA6BD08BD}") = "MERN-To-Do-project", "MERN-To-Do-project\MERN-To-Do-project.njsproj", "{A7A9EE81-5E2C-4387-BA85-91A6AC2A074E}"
EndProject
Global
	GlobalSection(SolutionConfigurationPlatforms) = preSolution
		Debug|Any CPU = Debug|Any CPU
		Release|Any CPU = Release|Any CPU
	EndGlobalSection
	GlobalSection(ProjectConfigurationPlatforms) = postSolution
		{A7A9EE81-5E2C-4387-BA85-91A6AC2A074E}.Debug|Any CPU.ActiveCfg = Debug|Any CPU
		{A7A9EE81-5E2C-4387-BA85-91A6AC2A074E}.Debug|Any CPU.Build.0 = Debug|Any CPU
		{A7A9EE81-5E2C-4387-BA85-91A6AC2A074E}.Release|Any CPU.ActiveCfg = Release|Any CPU
		{A7A9EE81-5E2C-4387-BA85-91A6AC2A074E}.Release|Any CPU.Build.0 = Release|Any CPU
	EndGlobalSection
	GlobalSection(SolutionProperties) = preSolution
		HideSolutionNode = FALSE
	EndGlobalSection
	GlobalSection(ExtensibilityGlobals) = postSolution
		SolutionGuid = {ABCD7713-0703-4B4D-8479-790E253E28F2}
	EndGlobalSection
EndGlobal
