
Microsoft Visual Studio Solution File, Format Version 12.00
# Visual Studio Version 17
VisualStudioVersion = 17.6.33815.320
MinimumVisualStudioVersion = 10.0.40219.1
Project("{9092AA53-FB77-4645-B42D-1CCCA6BD08BD}") = "ToDo-server", "ToDo\ToDo-server.njsproj", "{7F3E3DCD-3FAE-4ABB-807D-D14B85481833}"
EndProject
Global
	GlobalSection(SolutionConfigurationPlatforms) = preSolution
		Debug|Any CPU = Debug|Any CPU
		Release|Any CPU = Release|Any CPU
	EndGlobalSection
	GlobalSection(ProjectConfigurationPlatforms) = postSolution
		{7F3E3DCD-3FAE-4ABB-807D-D14B85481833}.Debug|Any CPU.ActiveCfg = Debug|Any CPU
		{7F3E3DCD-3FAE-4ABB-807D-D14B85481833}.Debug|Any CPU.Build.0 = Debug|Any CPU
		{7F3E3DCD-3FAE-4ABB-807D-D14B85481833}.Release|Any CPU.ActiveCfg = Release|Any CPU
		{7F3E3DCD-3FAE-4ABB-807D-D14B85481833}.Release|Any CPU.Build.0 = Release|Any CPU
	EndGlobalSection
	GlobalSection(SolutionProperties) = preSolution
		HideSolutionNode = FALSE
	EndGlobalSection
	GlobalSection(ExtensibilityGlobals) = postSolution
		SolutionGuid = {ABCD7713-0703-4B4D-8479-790E253E28F2}
	EndGlobalSection
EndGlobal
